
Microsoft Visual Studio Solution File, Format Version 12.00
# Visual Studio Version 17
VisualStudioVersion = 17.9.34701.34
MinimumVisualStudioVersion = 10.0.40219.1
Project("{FAE04EC0-301F-11D3-BF4B-00C04F79EFBC}") = "DapperAPI_usingFunctionAndStoredProcedure", "DapperAPI_usingFunctionAndStoredProcedure\DapperAPI_usingFunctionAndStoredProcedure.csproj", "{52A39120-B6A6-475D-924A-275DD91B7F15}"
EndProject
Global
	GlobalSection(SolutionConfigurationPlatforms) = preSolution
		Debug|Any CPU = Debug|Any CPU
		Release|Any CPU = Release|Any CPU
	EndGlobalSection
	GlobalSection(ProjectConfigurationPlatforms) = postSolution
		{52A39120-B6A6-475D-924A-275DD91B7F15}.Debug|Any CPU.ActiveCfg = Debug|Any CPU
		{52A39120-B6A6-475D-924A-275DD91B7F15}.Debug|Any CPU.Build.0 = Debug|Any CPU
		{52A39120-B6A6-475D-924A-275DD91B7F15}.Release|Any CPU.ActiveCfg = Release|Any CPU
		{52A39120-B6A6-475D-924A-275DD91B7F15}.Release|Any CPU.Build.0 = Release|Any CPU
	EndGlobalSection
	GlobalSection(SolutionProperties) = preSolution
		HideSolutionNode = FALSE
	EndGlobalSection
	GlobalSection(ExtensibilityGlobals) = postSolution
		SolutionGuid = {5BD3A90E-905A-44FD-AF6D-3A901B13B222}
	EndGlobalSection
EndGlobal
